[[tools.actionlint]]
version = "1.7.7"
backend = "aqua:rhysd/actionlint"

[[tools.lazygit]]
version = "0.55.1"
backend = "aqua:jesseduffield/lazygit"

[[tools.neovim]]
version = "0.11.4"
backend = "aqua:neovim/neovim"

[[tools.node]]
version = "24.8.0"
backend = "core:node"

[[tools."npm:@antfu/ni"]]
version = "25.0.0"
backend = "npm:@antfu/ni"

[[tools.ripgrep]]
version = "14.1.1"
backend = "aqua:BurntSushi/ripgrep"
